
Microsoft Visual Studio Solution File, Format Version 12.00
# Visual Studio Version 17
VisualStudioVersion = 17.0.31612.314
MinimumVisualStudioVersion = 10.0.40219.1
Project("{FAE04EC0-301F-11D3-BF4B-00C04F79EFBC}") = "qgrepSearchTool", "qgrepSearchTool\qgrepSearchTool.csproj", "{5CE4ED47-6A68-4F09-B0EE-501CACAA3EBD}"
EndProject
Project("{8BC9CEB8-8B4A-11D0-8D11-00A0C91BC942}") = "qgrepInterop", "qgrepInterop\qgrepInterop.vcxproj", "{25AE182E-4FF0-40D1-9DEC-9335DB41FBF2}"
	ProjectSection(ProjectDependencies) = postProject
		{6827D800-E969-478D-BF86-2B821F084585} = {6827D800-E969-478D-BF86-2B821F084585}
	EndProjectSection
EndProject
Project("{8BC9CEB8-8B4A-11D0-8D11-00A0C91BC942}") = "qgrep", "qgrep\qgrep.vcxproj", "{6827D800-E969-478D-BF86-2B821F084585}"
EndProject
Global
	GlobalSection(SolutionConfigurationPlatforms) = preSolution
		Debug|Win32 = Debug|Win32
		Release|Win32 = Release|Win32
	EndGlobalSection
	GlobalSection(ProjectConfigurationPlatforms) = postSolution
		{5CE4ED47-6A68-4F09-B0EE-501CACAA3EBD}.Debug|Win32.ActiveCfg = Debug|x86
		{5CE4ED47-6A68-4F09-B0EE-501CACAA3EBD}.Debug|Win32.Build.0 = Debug|x86
		{5CE4ED47-6A68-4F09-B0EE-501CACAA3EBD}.Release|Win32.ActiveCfg = Release|x86
		{5CE4ED47-6A68-4F09-B0EE-501CACAA3EBD}.Release|Win32.Build.0 = Release|x86
		{25AE182E-4FF0-40D1-9DEC-9335DB41FBF2}.Debug|Win32.ActiveCfg = Debug|Win32
		{25AE182E-4FF0-40D1-9DEC-9335DB41FBF2}.Debug|Win32.Build.0 = Debug|Win32
		{25AE182E-4FF0-40D1-9DEC-9335DB41FBF2}.Release|Win32.ActiveCfg = Release|Win32
		{25AE182E-4FF0-40D1-9DEC-9335DB41FBF2}.Release|Win32.Build.0 = Release|Win32
		{6827D800-E969-478D-BF86-2B821F084585}.Debug|Win32.ActiveCfg = Debug|Win32
		{6827D800-E969-478D-BF86-2B821F084585}.Debug|Win32.Build.0 = Debug|Win32
		{6827D800-E969-478D-BF86-2B821F084585}.Release|Win32.ActiveCfg = Release|Win32
		{6827D800-E969-478D-BF86-2B821F084585}.Release|Win32.Build.0 = Release|Win32
	EndGlobalSection
	GlobalSection(SolutionProperties) = preSolution
		HideSolutionNode = FALSE
	EndGlobalSection
	GlobalSection(ExtensibilityGlobals) = postSolution
		SolutionGuid = {0F64B331-379E-4AD7-94AC-930833EF7C08}
	EndGlobalSection
EndGlobal
